// !$*UTF8*$!
{
	archiveVersion = 1;
	classes = {
	};
	objectVersion = 77;
	objects = {

/* Begin PBXBuildFile section */
		020ABBED293433DB8527ADCD /* DemoRecording in Resources */ = {isa = PBXBuildFile; fileRef = 6EEB37B2CC9ED6BDEB491044 /* DemoRecording */; };
		030BFF03D2B9BF6C0F540BAB /* SubscriptionGateView.swift in Sources */ = {isa = PBXBuildFile; fileRef = FBDC0E9523C09DFCE3694D10 /* SubscriptionGateView.swift */; };
		04B9B8FE1DF35D0770AA024B /* SpacesMobileScreenshotUITests.swift in Sources */ = {isa = PBXBuildFile; fileRef = 01CF826C2C94E7C075B96D26 /* SpacesMobileScreenshotUITests.swift */; };
		053C34166110A5C90FCCD9A9 /* SpacesMobileAppModelTests.swift in Sources */ = {isa = PBXBuildFile; fileRef = 4159C5F22837F10A5A814E23 /* SpacesMobileAppModelTests.swift */; };
		07BF7831235AE0F2E2CA97B3 /* Assets.xcassets in Resources */ = {isa = PBXBuildFile; fileRef = B0B57F94C61B24E0729B79F1 /* Assets.xcassets */; };
		0E7F176A6DFB6F22E4C67688 /* RowPrimitives.swift in Sources */ = {isa = PBXBuildFile; fileRef = C6930FB499F3E9C3B13AA59E /* RowPrimitives.swift */; };
		176185E3BF08620DB51E8901 /* PaywallView.swift in Sources */ = {isa = PBXBuildFile; fileRef = B180CB360EF16B579E178DFC /* PaywallView.swift */; };
		1BF92F57C51FD34F3F9B3E05 /* spacesterminalmobileghostty in Frameworks */ = {isa = PBXBuildFile; productRef = 5C91403688DCC6A2B90B5AC8 /* spacesterminalmobileghostty */; };
		1CEC201CDB2F0F869548081A /* spacesdevicecore in Frameworks */ = {isa = PBXBuildFile; productRef = 00CDBDF150520E591B1DB017 /* spacesdevicecore */; };
		246792578DBC4C17B7038206 /* TerminalDetailView.swift in Sources */ = {isa = PBXBuildFile; fileRef = 7507CC71C61F95FB1D0F26DA /* TerminalDetailView.swift */; };
		2DF902CA1F62FBFCD1E80B73 /* SpacesMobileAgentsTests.swift in Sources */ = {isa = PBXBuildFile; fileRef = A421951CBC1E4BE4576F010F /* SpacesMobileAgentsTests.swift */; };
		317C6199E7E4075EFA52B4F7 /* SpacesMobileApp.swift in Sources */ = {isa = PBXBuildFile; fileRef = A1A8A24AA9252CFEE41B435E /* SpacesMobileApp.swift */; };
		33641B9B5F7C4A0AE09EEA5D /* ConnectionSettingsView.swift in Sources */ = {isa = PBXBuildFile; fileRef = BEBBC1D6B0751E287CF24826 /* ConnectionSettingsView.swift */; };
		33EFA63AF2EDF1F7567547EB /* ScreenshotStager.swift in Sources */ = {isa = PBXBuildFile; fileRef = BC1BDE1EAB567C36A820E82C /* ScreenshotStager.swift */; };
		34037882505238F6789EFE22 /* DemoDeviceBackendTests.swift in Sources */ = {isa = PBXBuildFile; fileRef = 88E7B08D6033170F0AB8DF17 /* DemoDeviceBackendTests.swift */; };
		357ADA9DAA6DB4741C79D102 /* StagedScreenshotStoreTests.swift in Sources */ = {isa = PBXBuildFile; fileRef = 9FE5D9FFF657B6A463220FCC /* StagedScreenshotStoreTests.swift */; };
		390414D7F580B0E237DEA662 /* CompatibilityBannerView.swift in Sources */ = {isa = PBXBuildFile; fileRef = B4E7D8D182236F21A4AF05C7 /* CompatibilityBannerView.swift */; };
		3A856B3C563D5D2DEB3746F0 /* SpacesMobileUITests.swift in Sources */ = {isa = PBXBuildFile; fileRef = 160A1AE591A4376DA6C06AE7 /* SpacesMobileUITests.swift */; };
		3D417F1537E3550BBDA8FE2D /* SpacesMobileDeviceStore.swift in Sources */ = {isa = PBXBuildFile; fileRef = 38B8B376D14D9A659066191F /* SpacesMobileDeviceStore.swift */; };
		3D691170263C2A5F76423B40 /* markdown-it.min.js in Resources */ = {isa = PBXBuildFile; fileRef = AC409090FBD5BEF19069F34E /* markdown-it.min.js */; };
		4073E59B929A6A3937DC57A8 /* GhosttyMobileAppServiceTests.swift in Sources */ = {isa = PBXBuildFile; fileRef = 89218A663F7CADB785794197 /* GhosttyMobileAppServiceTests.swift */; };
		4355CACDAE422CEBF60D1B73 /* BrowserProxyServer.swift in Sources */ = {isa = PBXBuildFile; fileRef = 55BFAAD9082D6C3066858C3D /* BrowserProxyServer.swift */; };
		43857F33AFBE626C3EF5B3A6 /* TerminalTextArtifactView.swift in Sources */ = {isa = PBXBuildFile; fileRef = F92F892C7AB88FC7A037ABB6 /* TerminalTextArtifactView.swift */; };
		48E9A72866FE6F0C32209A1D /* BrowserProxyHTTPHead.swift in Sources */ = {isa = PBXBuildFile; fileRef = F271EB1FD55E1D03CB0CC6AC /* BrowserProxyHTTPHead.swift */; };
		5E0A3983646DC39F85340B5C /* SubscriptionStoreTests.swift in Sources */ = {isa = PBXBuildFile; fileRef = 4AB35B6A91EFCEA885942088 /* SubscriptionStoreTests.swift */; };
		5E74AE9B5CC2326AD53BA04E /* AlertsTabView.swift in Sources */ = {isa = PBXBuildFile; fileRef = 895AC546F077905FD8E53CF9 /* AlertsTabView.swift */; };
		5FD4313E441F15B6AFE8A029 /* BrowserProxyTunnel.swift in Sources */ = {isa = PBXBuildFile; fileRef = C39C8CAB0348FE24E6F0A46D /* BrowserProxyTunnel.swift */; };
		636C2B8EB59BDDBE8707D1E1 /* TerminalArtifactViewersTests.swift in Sources */ = {isa = PBXBuildFile; fileRef = 3C3A209B5AB578545E3F3D74 /* TerminalArtifactViewersTests.swift */; };
		690D6FC159F64BF7E519C01C /* SpacesMobileAlertsTests.swift in Sources */ = {isa = PBXBuildFile; fileRef = 5746D7B660E9B5038B0DDEAF /* SpacesMobileAlertsTests.swift */; };
		788325853D6047915FC13115 /* QRCodeScannerView.swift in Sources */ = {isa = PBXBuildFile; fileRef = A5C2B6685BB88364360E9184 /* QRCodeScannerView.swift */; };
		7B0BCDB061E38A6F9CB42501 /* RootTabView.swift in Sources */ = {isa = PBXBuildFile; fileRef = 573064C6726817E7F264E9C5 /* RootTabView.swift */; };
		7CB275F461388D1B1B686182 /* TerminalComposerSheet.swift in Sources */ = {isa = PBXBuildFile; fileRef = C3768855D78AF654041E08AB /* TerminalComposerSheet.swift */; };
		7CC21253772D51391A1D51CE /* markdown-it.LICENSE in Resources */ = {isa = PBXBuildFile; fileRef = B219C157E4D55E66E276E995 /* markdown-it.LICENSE */; };
		7DDB293A89690CBA0099D136 /* AgentGroups.swift in Sources */ = {isa = PBXBuildFile; fileRef = CB9E795017B860ABC7458AE3 /* AgentGroups.swift */; };
		80D3ABF883A2086A4640F3B2 /* DemoMode.swift in Sources */ = {isa = PBXBuildFile; fileRef = 6F4FA0908BD2A07419E7AAD5 /* DemoMode.swift */; };
		86DE89DD870097152C07726A /* AppAppearance.swift in Sources */ = {isa = PBXBuildFile; fileRef = 11FEAC1705996DF60D174EFB /* AppAppearance.swift */; };
		8C4445C0E3B95A44BA7EEE21 /* ScreenshotStagingFlowTests.swift in Sources */ = {isa = PBXBuildFile; fileRef = F9E6C2EA4A8629D32905544D /* ScreenshotStagingFlowTests.swift */; };
		8D7BDE377CE95CEA15E0F28F /* AgentsTabView.swift in Sources */ = {isa = PBXBuildFile; fileRef = 70794A5FB7ED310FA4568364 /* AgentsTabView.swift */; };
		913DCFD3AD91359729209DC2 /* SpacesDeviceAPIClient.swift in Sources */ = {isa = PBXBuildFile; fileRef = 03832ADD9E34BC981F089A96 /* SpacesDeviceAPIClient.swift */; };
		97C8F1FB9702650BC7FB37BC /* BrowserSessionDetailView.swift in Sources */ = {isa = PBXBuildFile; fileRef = 07AE33B363649D6D32B8D2D8 /* BrowserSessionDetailView.swift */; };
		9D468643EDDB619AC44A5356 /* TerminalImageAttachmentsTests.swift in Sources */ = {isa = PBXBuildFile; fileRef = 6E710F27AEEACD124B4C5ED8 /* TerminalImageAttachmentsTests.swift */; };
		A09A88A72DBD3C5715B03A0D /* spacesterminalcore in Frameworks */ = {isa = PBXBuildFile; productRef = 496FCCD383CAF3E9BD137D1B /* spacesterminalcore */; };
		A36481FF653604E873C1A93B /* ghostty in Resources */ = {isa = PBXBuildFile; fileRef = F242C1DB3E9B92832963F8A6 /* ghostty */; };
		A52DB52E99C5021E119AD218 /* SpacesDeviceAPIClientPasteImageTests.swift in Sources */ = {isa = PBXBuildFile; fileRef = 4CE224F40DCBDF15B9DF5A0D /* SpacesDeviceAPIClientPasteImageTests.swift */; };
		A5AB8C3614BB7444A8FB4C5D /* AttentionEvents.swift in Sources */ = {isa = PBXBuildFile; fileRef = 19845234400228576231BEBB /* AttentionEvents.swift */; };
		AAED3289F85B868C2AA29B44 /* SubscriptionStore.swift in Sources */ = {isa = PBXBuildFile; fileRef = 41E15C5763CA61AE8C9C2D6E /* SubscriptionStore.swift */; };
		B476AD376F17B415C12E45F2 /* TerminalMarkdownArtifactView.swift in Sources */ = {isa = PBXBuildFile; fileRef = 7CB657C9D6E4D2D2EA3DAD06 /* TerminalMarkdownArtifactView.swift */; };
		B4B0A237C6F8325405C27F93 /* TerminalFlow.swift in Sources */ = {isa = PBXBuildFile; fileRef = 9653B3B66E0DCF0C0583B3B5 /* TerminalFlow.swift */; };
		B75A9EE510496D35C5549ACC /* PrivacyInfo.xcprivacy in Resources */ = {isa = PBXBuildFile; fileRef = BF394C292B9577F991DE1AAE /* PrivacyInfo.xcprivacy */; };
		BF1953C7983E74DEEBABC73C /* SpacesMobileConnectionSettings.swift in Sources */ = {isa = PBXBuildFile; fileRef = 963003F71BEC294FD1E99887 /* SpacesMobileConnectionSettings.swift */; };
		C24148CFBBE2C8AF70320093 /* SettingsTabView.swift in Sources */ = {isa = PBXBuildFile; fileRef = 01EA5212204832CDA41A1793 /* SettingsTabView.swift */; };
		C7FDBFF19E88F01DCABE05E6 /* terminal-markdown.css in Resources */ = {isa = PBXBuildFile; fileRef = 75ADBC1DFE5DC487F78D5BC2 /* terminal-markdown.css */; };
		C86C93B403B5D24C1C907C07 /* StagedScreenshotStore.swift in Sources */ = {isa = PBXBuildFile; fileRef = 68ACEAFCA89C7E530880B3F0 /* StagedScreenshotStore.swift */; };
		C89EA4905FBBFA2C7E358961 /* TerminalComposerSendTests.swift in Sources */ = {isa = PBXBuildFile; fileRef = 4CDCD5118B25B0A1ACA33A12 /* TerminalComposerSendTests.swift */; };
		C8E96C4D0660016873DBB35F /* DemoDeviceBackend.swift in Sources */ = {isa = PBXBuildFile; fileRef = 1B11B42462E003B2C51B35EE /* DemoDeviceBackend.swift */; };
		C911B567E552FC40D15B682E /* SpacesDeviceAPITransport.swift in Sources */ = {isa = PBXBuildFile; fileRef = 3B48F6727BD662C4E5C4B2EE /* SpacesDeviceAPITransport.swift */; };
		CAEFA68B6F87086897B9C88D /* TerminalWebArtifactView.swift in Sources */ = {isa = PBXBuildFile; fileRef = BD6C69B64AFC5E704DE3C780 /* TerminalWebArtifactView.swift */; };
		CC7C2A2DA9176A2A7993FCD5 /* spacesterminalmobileghostty in Frameworks */ = {isa = PBXBuildFile; productRef = 822087096353D1C543E2C4F3 /* spacesterminalmobileghostty */; };
		CE84B0FF1DC4CB5EDA866C6A /* BrowserProxySmokeTestView.swift in Sources */ = {isa = PBXBuildFile; fileRef = 8558FA040BF164F6A5B8023F /* BrowserProxySmokeTestView.swift */; };
		D183BA192ECF922B5E5C8ABB /* DemoRecordingLibrary.swift in Sources */ = {isa = PBXBuildFile; fileRef = AA6F4966D314DE711EE58992 /* DemoRecordingLibrary.swift */; };
		D26F853567EBC3D143DD54F2 /* Theme.swift in Sources */ = {isa = PBXBuildFile; fileRef = 99364D0D95BDF6680EFCD26D /* Theme.swift */; };
		D62D7FC7CC07A6CCA4EF6772 /* BrowserProxyTests.swift in Sources */ = {isa = PBXBuildFile; fileRef = C2F28C5039F8DB58738D4EEC /* BrowserProxyTests.swift */; };
		D678F5742B641547A7EED9CE /* SubscriptionSettingsSection.swift in Sources */ = {isa = PBXBuildFile; fileRef = FECD63B029F4A187893C7082 /* SubscriptionSettingsSection.swift */; };
		D9779D2EE653AD02A715A6CE /* SpacesDeviceAPIBackendTests.swift in Sources */ = {isa = PBXBuildFile; fileRef = A9AE7E061996534CE9D4C699 /* SpacesDeviceAPIBackendTests.swift */; };
		DF409C0DEEF5DCBD7552FF95 /* SpacesMobileDemoModeTests.swift in Sources */ = {isa = PBXBuildFile; fileRef = 48C23068DC0BCEFED66259E6 /* SpacesMobileDemoModeTests.swift */; };
		DFEA974255F4E847A69176ED /* SpacesTabView.swift in Sources */ = {isa = PBXBuildFile; fileRef = 6B6AD8F5E136746F49A212A1 /* SpacesTabView.swift */; };
		E1AC38A01996EE501A1F0F05 /* BandPrimitives.swift in Sources */ = {isa = PBXBuildFile; fileRef = E211844B3CD4B88CDE16411F /* BandPrimitives.swift */; };
		E26222105D277E714368D8C1 /* TerminalImageAttachments.swift in Sources */ = {isa = PBXBuildFile; fileRef = 79297BA89CDDB8E95545E9FB /* TerminalImageAttachments.swift */; };
		E90E0BD172C314AB1A2422BB /* BrowserProxyRoutingTable.swift in Sources */ = {isa = PBXBuildFile; fileRef = 0A56446BAD1906D81A4B8823 /* BrowserProxyRoutingTable.swift */; };
		ECD7605414703F81C20D3C1F /* SpacesMobileAppModel.swift in Sources */ = {isa = PBXBuildFile; fileRef = 35C5584696D86B15B55614E4 /* SpacesMobileAppModel.swift */; };
		EF5A873F100F9A6B3757F99E /* spacesterminalcore in Frameworks */ = {isa = PBXBuildFile; productRef = 43EB21BA2206002F56560C15 /* spacesterminalcore */; };
		F0B1976C2F5ED584C46E6C79 /* TerminalViewerModel.swift in Sources */ = {isa = PBXBuildFile; fileRef = F40914D63AD1216CD699DAC4 /* TerminalViewerModel.swift */; };
		F1340E71F8BFB1C3BE19D9E1 /* WorkspaceControlBar.swift in Sources */ = {isa = PBXBuildFile; fileRef = 5C920538A76B1EF14F680074 /* WorkspaceControlBar.swift */; };
		F4DCDE7C8A94835047353CCE /* ScreenshotMarkupPresenter.swift in Sources */ = {isa = PBXBuildFile; fileRef = B9115C75CD6E289D76B640B9 /* ScreenshotMarkupPresenter.swift */; };
/* End PBXBuildFile section */

/* Begin PBXContainerItemProxy section */
		3FD5F9EECB8244393A627D3D /* PBXContainerItemProxy */ = {
			isa = PBXContainerItemProxy;
			containerPortal = 40FC7BE745B5FC2BE6F64E8A /* Project object */;
			proxyType = 1;
			remoteGlobalIDString = 4949E5F0DB06D967871C1581;
			remoteInfo = SpacesMobile;
		};
		94ED4BD14F2CA26295F56C83 /* PBXContainerItemProxy */ = {
			isa = PBXContainerItemProxy;
			containerPortal = 40FC7BE745B5FC2BE6F64E8A /* Project object */;
			proxyType = 1;
			remoteGlobalIDString = 4949E5F0DB06D967871C1581;
			remoteInfo = SpacesMobile;
		};
/* End PBXContainerItemProxy section */

/* Begin PBXFileReference section */
		01CF826C2C94E7C075B96D26 /* SpacesMobileScreenshotUITests.swift */ = {isa = PBXFileReference; lastKnownFileType = sourcecode.swift; path = SpacesMobileScreenshotUITests.swift; sourceTree = "<group>"; };
		01EA5212204832CDA41A1793 /* SettingsTabView.swift */ = {isa = PBXFileReference; lastKnownFileType = sourcecode.swift; path = SettingsTabView.swift; sourceTree = "<group>"; };
		03832ADD9E34BC981F089A96 /* SpacesDeviceAPIClient.swift */ = {isa = PBXFileReference; lastKnownFileType = sourcecode.swift; path = SpacesDeviceAPIClient.swift; sourceTree = "<group>"; };
		07AE33B363649D6D32B8D2D8 /* BrowserSessionDetailView.swift */ = {isa = PBXFileReference; lastKnownFileType = sourcecode.swift; path = BrowserSessionDetailView.swift; sourceTree = "<group>"; };
		0A56446BAD1906D81A4B8823 /* BrowserProxyRoutingTable.swift */ = {isa = PBXFileReference; lastKnownFileType = sourcecode.swift; path = BrowserProxyRoutingTable.swift; sourceTree = "<group>"; };
		11FEAC1705996DF60D174EFB /* AppAppearance.swift */ = {isa = PBXFileReference; lastKnownFileType = sourcecode.swift; path = AppAppearance.swift; sourceTree = "<group>"; };
		160A1AE591A4376DA6C06AE7 /* SpacesMobileUITests.swift */ = {isa = PBXFileReference; lastKnownFileType = sourcecode.swift; path = SpacesMobileUITests.swift; sourceTree = "<group>"; };
		19845234400228576231BEBB /* AttentionEvents.swift */ = {isa = PBXFileReference; lastKnownFileType = sourcecode.swift; path = AttentionEvents.swift; sourceTree = "<group>"; };
		1B11B42462E003B2C51B35EE /* DemoDeviceBackend.swift */ = {isa = PBXFileReference; lastKnownFileType = sourcecode.swift; path = DemoDeviceBackend.swift; sourceTree = "<group>"; };
		2A942269988694E66C1CA6F4 /* SpacesMobile.app */ = {isa = PBXFileReference; includeInIndex = 0; lastKnownFileType = wrapper.application; path = SpacesMobile.app; sourceTree = BUILT_PRODUCTS_DIR; };
		35C5584696D86B15B55614E4 /* SpacesMobileAppModel.swift */ = {isa = PBXFileReference; lastKnownFileType = sourcecode.swift; path = SpacesMobileAppModel.swift; sourceTree = "<group>"; };
		38B8B376D14D9A659066191F /* SpacesMobileDeviceStore.swift */ = {isa = PBXFileReference; lastKnownFileType = sourcecode.swift; path = SpacesMobileDeviceStore.swift; sourceTree = "<group>"; };
		3B48F6727BD662C4E5C4B2EE /* SpacesDeviceAPITransport.swift */ = {isa = PBXFileReference; lastKnownFileType = sourcecode.swift; path = SpacesDeviceAPITransport.swift; sourceTree = "<group>"; };
		3C3A209B5AB578545E3F3D74 /* TerminalArtifactViewersTests.swift */ = {isa = PBXFileReference; lastKnownFileType = sourcecode.swift; path = TerminalArtifactViewersTests.swift; sourceTree = "<group>"; };
		4159C5F22837F10A5A814E23 /* SpacesMobileAppModelTests.swift */ = {isa = PBXFileReference; lastKnownFileType = sourcecode.swift; path = SpacesMobileAppModelTests.swift; sourceTree = "<group>"; };
		41C157DD37A42EDAF1DC5407 /* macos */ = {isa = PBXFileReference; lastKnownFileType = folder; name = macos; path = ../macos; sourceTree = SOURCE_ROOT; };
		41E15C5763CA61AE8C9C2D6E /* SubscriptionStore.swift */ = {isa = PBXFileReference; lastKnownFileType = sourcecode.swift; path = SubscriptionStore.swift; sourceTree = "<group>"; };
		48C23068DC0BCEFED66259E6 /* SpacesMobileDemoModeTests.swift */ = {isa = PBXFileReference; lastKnownFileType = sourcecode.swift; path = SpacesMobileDemoModeTests.swift; sourceTree = "<group>"; };
		4AB35B6A91EFCEA885942088 /* SubscriptionStoreTests.swift */ = {isa = PBXFileReference; lastKnownFileType = sourcecode.swift; path = SubscriptionStoreTests.swift; sourceTree = "<group>"; };
		4CDCD5118B25B0A1ACA33A12 /* TerminalComposerSendTests.swift */ = {isa = PBXFileReference; lastKnownFileType = sourcecode.swift; path = TerminalComposerSendTests.swift; sourceTree = "<group>"; };
		4CE224F40DCBDF15B9DF5A0D /* SpacesDeviceAPIClientPasteImageTests.swift */ = {isa = PBXFileReference; lastKnownFileType = sourcecode.swift; path = SpacesDeviceAPIClientPasteImageTests.swift; sourceTree = "<group>"; };
		55BFAAD9082D6C3066858C3D /* BrowserProxyServer.swift */ = {isa = PBXFileReference; lastKnownFileType = sourcecode.swift; path = BrowserProxyServer.swift; sourceTree = "<group>"; };
		573064C6726817E7F264E9C5 /* RootTabView.swift */ = {isa = PBXFileReference; lastKnownFileType = sourcecode.swift; path = RootTabView.swift; sourceTree = "<group>"; };
		5746D7B660E9B5038B0DDEAF /* SpacesMobileAlertsTests.swift */ = {isa = PBXFileReference; lastKnownFileType = sourcecode.swift; path = SpacesMobileAlertsTests.swift; sourceTree = "<group>"; };
		5B16B0331923D686A4D0AEE5 /* SpacesMobileUITests.xctest */ = {isa = PBXFileReference; includeInIndex = 0; lastKnownFileType = wrapper.cfbundle; path = SpacesMobileUITests.xctest; sourceTree = BUILT_PRODUCTS_DIR; };
		5C920538A76B1EF14F680074 /* WorkspaceControlBar.swift */ = {isa = PBXFileReference; lastKnownFileType = sourcecode.swift; path = WorkspaceControlBar.swift; sourceTree = "<group>"; };
		68ACEAFCA89C7E530880B3F0 /* StagedScreenshotStore.swift */ = {isa = PBXFileReference; lastKnownFileType = sourcecode.swift; path = StagedScreenshotStore.swift; sourceTree = "<group>"; };
		6B6AD8F5E136746F49A212A1 /* SpacesTabView.swift */ = {isa = PBXFileReference; lastKnownFileType = sourcecode.swift; path = SpacesTabView.swift; sourceTree = "<group>"; };
		6E710F27AEEACD124B4C5ED8 /* TerminalImageAttachmentsTests.swift */ = {isa = PBXFileReference; lastKnownFileType = sourcecode.swift; path = TerminalImageAttachmentsTests.swift; sourceTree = "<group>"; };
		6EEB37B2CC9ED6BDEB491044 /* DemoRecording */ = {isa = PBXFileReference; lastKnownFileType = folder; name = DemoRecording; path = Resources/DemoRecording; sourceTree = SOURCE_ROOT; };
		6F4FA0908BD2A07419E7AAD5 /* DemoMode.swift */ = {isa = PBXFileReference; lastKnownFileType = sourcecode.swift; path = DemoMode.swift; sourceTree = "<group>"; };
		70794A5FB7ED310FA4568364 /* AgentsTabView.swift */ = {isa = PBXFileReference; lastKnownFileType = sourcecode.swift; path = AgentsTabView.swift; sourceTree = "<group>"; };
		7507CC71C61F95FB1D0F26DA /* TerminalDetailView.swift */ = {isa = PBXFileReference; lastKnownFileType = sourcecode.swift; path = TerminalDetailView.swift; sourceTree = "<group>"; };
		75ADBC1DFE5DC487F78D5BC2 /* terminal-markdown.css */ = {isa = PBXFileReference; lastKnownFileType = text.css; path = "terminal-markdown.css"; sourceTree = "<group>"; };
		79297BA89CDDB8E95545E9FB /* TerminalImageAttachments.swift */ = {isa = PBXFileReference; lastKnownFileType = sourcecode.swift; path = TerminalImageAttachments.swift; sourceTree = "<group>"; };
		7CB657C9D6E4D2D2EA3DAD06 /* TerminalMarkdownArtifactView.swift */ = {isa = PBXFileReference; lastKnownFileType = sourcecode.swift; path = TerminalMarkdownArtifactView.swift; sourceTree = "<group>"; };
		8558FA040BF164F6A5B8023F /* BrowserProxySmokeTestView.swift */ = {isa = PBXFileReference; lastKnownFileType = sourcecode.swift; path = BrowserProxySmokeTestView.swift; sourceTree = "<group>"; };
		88E7B08D6033170F0AB8DF17 /* DemoDeviceBackendTests.swift */ = {isa = PBXFileReference; lastKnownFileType = sourcecode.swift; path = DemoDeviceBackendTests.swift; sourceTree = "<group>"; };
		89218A663F7CADB785794197 /* GhosttyMobileAppServiceTests.swift */ = {isa = PBXFileReference; lastKnownFileType = sourcecode.swift; path = GhosttyMobileAppServiceTests.swift; sourceTree = "<group>"; };
		895AC546F077905FD8E53CF9 /* AlertsTabView.swift */ = {isa = PBXFileReference; lastKnownFileType = sourcecode.swift; path = AlertsTabView.swift; sourceTree = "<group>"; };
		963003F71BEC294FD1E99887 /* SpacesMobileConnectionSettings.swift */ = {isa = PBXFileReference; lastKnownFileType = sourcecode.swift; path = SpacesMobileConnectionSettings.swift; sourceTree = "<group>"; };
		9653B3B66E0DCF0C0583B3B5 /* TerminalFlow.swift */ = {isa = PBXFileReference; lastKnownFileType = sourcecode.swift; path = TerminalFlow.swift; sourceTree = "<group>"; };
		99364D0D95BDF6680EFCD26D /* Theme.swift */ = {isa = PBXFileReference; lastKnownFileType = sourcecode.swift; path = Theme.swift; sourceTree = "<group>"; };
		9FE5D9FFF657B6A463220FCC /* StagedScreenshotStoreTests.swift */ = {isa = PBXFileReference; lastKnownFileType = sourcecode.swift; path = StagedScreenshotStoreTests.swift; sourceTree = "<group>"; };
		A1A8A24AA9252CFEE41B435E /* SpacesMobileApp.swift */ = {isa = PBXFileReference; lastKnownFileType = sourcecode.swift; path = SpacesMobileApp.swift; sourceTree = "<group>"; };
		A421951CBC1E4BE4576F010F /* SpacesMobileAgentsTests.swift */ = {isa = PBXFileReference; lastKnownFileType = sourcecode.swift; path = SpacesMobileAgentsTests.swift; sourceTree = "<group>"; };
		A5C2B6685BB88364360E9184 /* QRCodeScannerView.swift */ = {isa = PBXFileReference; lastKnownFileType = sourcecode.swift; path = QRCodeScannerView.swift; sourceTree = "<group>"; };
		A9AE7E061996534CE9D4C699 /* SpacesDeviceAPIBackendTests.swift */ = {isa = PBXFileReference; lastKnownFileType = sourcecode.swift; path = SpacesDeviceAPIBackendTests.swift; sourceTree = "<group>"; };
		AA6F4966D314DE711EE58992 /* DemoRecordingLibrary.swift */ = {isa = PBXFileReference; lastKnownFileType = sourcecode.swift; path = DemoRecordingLibrary.swift; sourceTree = "<group>"; };
		AC409090FBD5BEF19069F34E /* markdown-it.min.js */ = {isa = PBXFileReference; lastKnownFileType = sourcecode.javascript; path = "markdown-it.min.js"; sourceTree = "<group>"; };
		B0B57F94C61B24E0729B79F1 /* Assets.xcassets */ = {isa = PBXFileReference; lastKnownFileType = folder.assetcatalog; path = Assets.xcassets; sourceTree = "<group>"; };
		B180CB360EF16B579E178DFC /* PaywallView.swift */ = {isa = PBXFileReference; lastKnownFileType = sourcecode.swift; path = PaywallView.swift; sourceTree = "<group>"; };
		B219C157E4D55E66E276E995 /* markdown-it.LICENSE */ = {isa = PBXFileReference; path = "markdown-it.LICENSE"; sourceTree = "<group>"; };
		B4E7D8D182236F21A4AF05C7 /* CompatibilityBannerView.swift */ = {isa = PBXFileReference; lastKnownFileType = sourcecode.swift; path = CompatibilityBannerView.swift; sourceTree = "<group>"; };
		B9115C75CD6E289D76B640B9 /* ScreenshotMarkupPresenter.swift */ = {isa = PBXFileReference; lastKnownFileType = sourcecode.swift; path = ScreenshotMarkupPresenter.swift; sourceTree = "<group>"; };
		BC1BDE1EAB567C36A820E82C /* ScreenshotStager.swift */ = {isa = PBXFileReference; lastKnownFileType = sourcecode.swift; path = ScreenshotStager.swift; sourceTree = "<group>"; };
		BD6C69B64AFC5E704DE3C780 /* TerminalWebArtifactView.swift */ = {isa = PBXFileReference; lastKnownFileType = sourcecode.swift; path = TerminalWebArtifactView.swift; sourceTree = "<group>"; };
		BEBBC1D6B0751E287CF24826 /* ConnectionSettingsView.swift */ = {isa = PBXFileReference; lastKnownFileType = sourcecode.swift; path = ConnectionSettingsView.swift; sourceTree = "<group>"; };
		BF394C292B9577F991DE1AAE /* PrivacyInfo.xcprivacy */ = {isa = PBXFileReference; path = PrivacyInfo.xcprivacy; sourceTree = "<group>"; };
		C2F28C5039F8DB58738D4EEC /* BrowserProxyTests.swift */ = {isa = PBXFileReference; lastKnownFileType = sourcecode.swift; path = BrowserProxyTests.swift; sourceTree = "<group>"; };
		C3768855D78AF654041E08AB /* TerminalComposerSheet.swift */ = {isa = PBXFileReference; lastKnownFileType = sourcecode.swift; path = TerminalComposerSheet.swift; sourceTree = "<group>"; };
		C39C8CAB0348FE24E6F0A46D /* BrowserProxyTunnel.swift */ = {isa = PBXFileReference; lastKnownFileType = sourcecode.swift; path = BrowserProxyTunnel.swift; sourceTree = "<group>"; };
		C6930FB499F3E9C3B13AA59E /* RowPrimitives.swift */ = {isa = PBXFileReference; lastKnownFileType = sourcecode.swift; path = RowPrimitives.swift; sourceTree = "<group>"; };
		CB9E795017B860ABC7458AE3 /* AgentGroups.swift */ = {isa = PBXFileReference; lastKnownFileType = sourcecode.swift; path = AgentGroups.swift; sourceTree = "<group>"; };
		E211844B3CD4B88CDE16411F /* BandPrimitives.swift */ = {isa = PBXFileReference; lastKnownFileType = sourcecode.swift; path = BandPrimitives.swift; sourceTree = "<group>"; };
		E27B3DF6C14953F91F1A311D /* SpacesMobileTests.xctest */ = {isa = PBXFileReference; includeInIndex = 0; lastKnownFileType = wrapper.cfbundle; path = SpacesMobileTests.xctest; sourceTree = BUILT_PRODUCTS_DIR; };
		F242C1DB3E9B92832963F8A6 /* ghostty */ = {isa = PBXFileReference; lastKnownFileType = folder; name = ghostty; path = ../macos/.local/ghosttykit/Resources/ghostty; sourceTree = SOURCE_ROOT; };
		F271EB1FD55E1D03CB0CC6AC /* BrowserProxyHTTPHead.swift */ = {isa = PBXFileReference; lastKnownFileType = sourcecode.swift; path = BrowserProxyHTTPHead.swift; sourceTree = "<group>"; };
		F40914D63AD1216CD699DAC4 /* TerminalViewerModel.swift */ = {isa = PBXFileReference; lastKnownFileType = sourcecode.swift; path = TerminalViewerModel.swift; sourceTree = "<group>"; };
		F92F892C7AB88FC7A037ABB6 /* TerminalTextArtifactView.swift */ = {isa = PBXFileReference; lastKnownFileType = sourcecode.swift; path = TerminalTextArtifactView.swift; sourceTree = "<group>"; };
		F9E6C2EA4A8629D32905544D /* ScreenshotStagingFlowTests.swift */ = {isa = PBXFileReference; lastKnownFileType = sourcecode.swift; path = ScreenshotStagingFlowTests.swift; sourceTree = "<group>"; };
		FBDC0E9523C09DFCE3694D10 /* SubscriptionGateView.swift */ = {isa = PBXFileReference; lastKnownFileType = sourcecode.swift; path = SubscriptionGateView.swift; sourceTree = "<group>"; };
		FECD63B029F4A187893C7082 /* SubscriptionSettingsSection.swift */ = {isa = PBXFileReference; lastKnownFileType = sourcecode.swift; path = SubscriptionSettingsSection.swift; sourceTree = "<group>"; };
/* End PBXFileReference section */

/* Begin PBXFrameworksBuildPhase section */
		5D199486D51945804C6582FF /* Frameworks */ = {
			isa = PBXFrameworksBuildPhase;
			buildActionMask = 2147483647;
			files = (
				1CEC201CDB2F0F869548081A /* spacesdevicecore in Frameworks */,
				A09A88A72DBD3C5715B03A0D /* spacesterminalcore in Frameworks */,
				CC7C2A2DA9176A2A7993FCD5 /* spacesterminalmobileghostty in Frameworks */,
			);
			runOnlyForDeploymentPostprocessing = 0;
		};
		E6954CB73A82D0C98D3D4957 /* Frameworks */ = {
			isa = PBXFrameworksBuildPhase;
			buildActionMask = 2147483647;
			files = (
				EF5A873F100F9A6B3757F99E /* spacesterminalcore in Frameworks */,
				1BF92F57C51FD34F3F9B3E05 /* spacesterminalmobileghostty in Frameworks */,
			);
			runOnlyForDeploymentPostprocessing = 0;
		};
/* End PBXFrameworksBuildPhase section */

/* Begin PBXGroup section */
		053C9409A83DB4D8AD7796DE /* .local */ = {
			isa = PBXGroup;
			children = (
				7082DF6B34E95AC15B0E2B3B /* ghosttykit */,
			);
			path = .local;
			sourceTree = "<group>";
		};
		21C5A9A4E04249D13D49172C /* Resources */ = {
			isa = PBXGroup;
			children = (
				6EEB37B2CC9ED6BDEB491044 /* DemoRecording */,
				B219C157E4D55E66E276E995 /* markdown-it.LICENSE */,
				AC409090FBD5BEF19069F34E /* markdown-it.min.js */,
				75ADBC1DFE5DC487F78D5BC2 /* terminal-markdown.css */,
			);
			path = Resources;
			sourceTree = "<group>";
		};
		2FCCF66DBDEF4E737A9C8FF0 /* Agents */ = {
			isa = PBXGroup;
			children = (
				CB9E795017B860ABC7458AE3 /* AgentGroups.swift */,
				70794A5FB7ED310FA4568364 /* AgentsTabView.swift */,
			);
			path = Agents;
			sourceTree = "<group>";
		};
		47F6CCB506DDA45806B71480 /* Settings */ = {
			isa = PBXGroup;
			children = (
				01EA5212204832CDA41A1793 /* SettingsTabView.swift */,
			);
			path = Settings;
			sourceTree = "<group>";
		};
		503B7623EC298940F0110912 /* Sources */ = {
			isa = PBXGroup;
			children = (
				11FEAC1705996DF60D174EFB /* AppAppearance.swift */,
				F271EB1FD55E1D03CB0CC6AC /* BrowserProxyHTTPHead.swift */,
				0A56446BAD1906D81A4B8823 /* BrowserProxyRoutingTable.swift */,
				55BFAAD9082D6C3066858C3D /* BrowserProxyServer.swift */,
				8558FA040BF164F6A5B8023F /* BrowserProxySmokeTestView.swift */,
				C39C8CAB0348FE24E6F0A46D /* BrowserProxyTunnel.swift */,
				07AE33B363649D6D32B8D2D8 /* BrowserSessionDetailView.swift */,
				B4E7D8D182236F21A4AF05C7 /* CompatibilityBannerView.swift */,
				BEBBC1D6B0751E287CF24826 /* ConnectionSettingsView.swift */,
				A5C2B6685BB88364360E9184 /* QRCodeScannerView.swift */,
				C6930FB499F3E9C3B13AA59E /* RowPrimitives.swift */,
				B9115C75CD6E289D76B640B9 /* ScreenshotMarkupPresenter.swift */,
				BC1BDE1EAB567C36A820E82C /* ScreenshotStager.swift */,
				03832ADD9E34BC981F089A96 /* SpacesDeviceAPIClient.swift */,
				A1A8A24AA9252CFEE41B435E /* SpacesMobileApp.swift */,
				35C5584696D86B15B55614E4 /* SpacesMobileAppModel.swift */,
				963003F71BEC294FD1E99887 /* SpacesMobileConnectionSettings.swift */,
				38B8B376D14D9A659066191F /* SpacesMobileDeviceStore.swift */,
				68ACEAFCA89C7E530880B3F0 /* StagedScreenshotStore.swift */,
				C3768855D78AF654041E08AB /* TerminalComposerSheet.swift */,
				7507CC71C61F95FB1D0F26DA /* TerminalDetailView.swift */,
				79297BA89CDDB8E95545E9FB /* TerminalImageAttachments.swift */,
				7CB657C9D6E4D2D2EA3DAD06 /* TerminalMarkdownArtifactView.swift */,
				F92F892C7AB88FC7A037ABB6 /* TerminalTextArtifactView.swift */,
				F40914D63AD1216CD699DAC4 /* TerminalViewerModel.swift */,
				BD6C69B64AFC5E704DE3C780 /* TerminalWebArtifactView.swift */,
				99364D0D95BDF6680EFCD26D /* Theme.swift */,
				2FCCF66DBDEF4E737A9C8FF0 /* Agents */,
				814B7D58FA877DBA87ABB90F /* Alerts */,
				9C0244DCE0AEB3C1E1778333 /* Demo */,
				47F6CCB506DDA45806B71480 /* Settings */,
				C374A16A3EE675B4E61F09CE /* Shared */,
				6EE512D4F7FEE1DA1AD93AA9 /* Spaces */,
				8CC3A14319D16652405322A1 /* Subscription */,
			);
			path = Sources;
			sourceTree = "<group>";
		};
		504A7EEA4BE7AE55C6855384 /* Tests */ = {
			isa = PBXGroup;
			children = (
				C2F28C5039F8DB58738D4EEC /* BrowserProxyTests.swift */,
				88E7B08D6033170F0AB8DF17 /* DemoDeviceBackendTests.swift */,
				89218A663F7CADB785794197 /* GhosttyMobileAppServiceTests.swift */,
				F9E6C2EA4A8629D32905544D /* ScreenshotStagingFlowTests.swift */,
				A9AE7E061996534CE9D4C699 /* SpacesDeviceAPIBackendTests.swift */,
				4CE224F40DCBDF15B9DF5A0D /* SpacesDeviceAPIClientPasteImageTests.swift */,
				A421951CBC1E4BE4576F010F /* SpacesMobileAgentsTests.swift */,
				5746D7B660E9B5038B0DDEAF /* SpacesMobileAlertsTests.swift */,
				4159C5F22837F10A5A814E23 /* SpacesMobileAppModelTests.swift */,
				48C23068DC0BCEFED66259E6 /* SpacesMobileDemoModeTests.swift */,
				9FE5D9FFF657B6A463220FCC /* StagedScreenshotStoreTests.swift */,
				4AB35B6A91EFCEA885942088 /* SubscriptionStoreTests.swift */,
				3C3A209B5AB578545E3F3D74 /* TerminalArtifactViewersTests.swift */,
				4CDCD5118B25B0A1ACA33A12 /* TerminalComposerSendTests.swift */,
				6E710F27AEEACD124B4C5ED8 /* TerminalImageAttachmentsTests.swift */,
			);
			path = Tests;
			sourceTree = "<group>";
		};
		50F31D55B90BFFD635C5D674 /* Resources */ = {
			isa = PBXGroup;
			children = (
				F242C1DB3E9B92832963F8A6 /* ghostty */,
			);
			path = Resources;
			sourceTree = "<group>";
		};
		6EE512D4F7FEE1DA1AD93AA9 /* Spaces */ = {
			isa = PBXGroup;
			children = (
				6B6AD8F5E136746F49A212A1 /* SpacesTabView.swift */,
				5C920538A76B1EF14F680074 /* WorkspaceControlBar.swift */,
			);
			path = Spaces;
			sourceTree = "<group>";
		};
		7082DF6B34E95AC15B0E2B3B /* ghosttykit */ = {
			isa = PBXGroup;
			children = (
				50F31D55B90BFFD635C5D674 /* Resources */,
			);
			path = ghosttykit;
			sourceTree = "<group>";
		};
		77689346D2C290A5F2D8E603 /* macos */ = {
			isa = PBXGroup;
			children = (
				053C9409A83DB4D8AD7796DE /* .local */,
			);
			path = macos;
			sourceTree = "<group>";
		};
		80C53D729D7E7F3AB9BBDC82 /* Products */ = {
			isa = PBXGroup;
			children = (
				2A942269988694E66C1CA6F4 /* SpacesMobile.app */,
				E27B3DF6C14953F91F1A311D /* SpacesMobileTests.xctest */,
				5B16B0331923D686A4D0AEE5 /* SpacesMobileUITests.xctest */,
			);
			name = Products;
			sourceTree = "<group>";
		};
		814B7D58FA877DBA87ABB90F /* Alerts */ = {
			isa = PBXGroup;
			children = (
				895AC546F077905FD8E53CF9 /* AlertsTabView.swift */,
				19845234400228576231BEBB /* AttentionEvents.swift */,
			);
			path = Alerts;
			sourceTree = "<group>";
		};
		81B5CC448F6FA35B26C3E451 = {
			isa = PBXGroup;
			children = (
				B0B57F94C61B24E0729B79F1 /* Assets.xcassets */,
				BF394C292B9577F991DE1AAE /* PrivacyInfo.xcprivacy */,
				A2CBFAA5B4DF490C0C86C859 /* apps */,
				CB2D338B9B55AD82C84E6311 /* Packages */,
				21C5A9A4E04249D13D49172C /* Resources */,
				503B7623EC298940F0110912 /* Sources */,
				504A7EEA4BE7AE55C6855384 /* Tests */,
				E5AB46FF545C04AB6319A6DB /* UITests */,
				80C53D729D7E7F3AB9BBDC82 /* Products */,
			);
			sourceTree = "<group>";
		};
		8CC3A14319D16652405322A1 /* Subscription */ = {
			isa = PBXGroup;
			children = (
				B180CB360EF16B579E178DFC /* PaywallView.swift */,
				FBDC0E9523C09DFCE3694D10 /* SubscriptionGateView.swift */,
				FECD63B029F4A187893C7082 /* SubscriptionSettingsSection.swift */,
				41E15C5763CA61AE8C9C2D6E /* SubscriptionStore.swift */,
			);
			path = Subscription;
			sourceTree = "<group>";
		};
		9C0244DCE0AEB3C1E1778333 /* Demo */ = {
			isa = PBXGroup;
			children = (
				1B11B42462E003B2C51B35EE /* DemoDeviceBackend.swift */,
				6F4FA0908BD2A07419E7AAD5 /* DemoMode.swift */,
				AA6F4966D314DE711EE58992 /* DemoRecordingLibrary.swift */,
				3B48F6727BD662C4E5C4B2EE /* SpacesDeviceAPITransport.swift */,
			);
			path = Demo;
			sourceTree = "<group>";
		};
		A2CBFAA5B4DF490C0C86C859 /* apps */ = {
			isa = PBXGroup;
			children = (
				77689346D2C290A5F2D8E603 /* macos */,
			);
			name = apps;
			path = ..;
			sourceTree = "<group>";
		};
		C374A16A3EE675B4E61F09CE /* Shared */ = {
			isa = PBXGroup;
			children = (
				E211844B3CD4B88CDE16411F /* BandPrimitives.swift */,
				573064C6726817E7F264E9C5 /* RootTabView.swift */,
				9653B3B66E0DCF0C0583B3B5 /* TerminalFlow.swift */,
			);
			path = Shared;
			sourceTree = "<group>";
		};
		CB2D338B9B55AD82C84E6311 /* Packages */ = {
			isa = PBXGroup;
			children = (
				41C157DD37A42EDAF1DC5407 /* macos */,
			);
			name = Packages;
			sourceTree = "<group>";
		};
		E5AB46FF545C04AB6319A6DB /* UITests */ = {
			isa = PBXGroup;
			children = (
				01CF826C2C94E7C075B96D26 /* SpacesMobileScreenshotUITests.swift */,
				160A1AE591A4376DA6C06AE7 /* SpacesMobileUITests.swift */,
			);
			path = UITests;
			sourceTree = "<group>";
		};
/* End PBXGroup section */

/* Begin PBXNativeTarget section */
		208F5D8D223E754EF66F12E0 /* SpacesMobileUITests */ = {
			isa = PBXNativeTarget;
			buildConfigurationList = 8AE2A712028AC613F5CB8728 /* Build configuration list for PBXNativeTarget "SpacesMobileUITests" */;
			buildPhases = (
				F98C80571E50298C7333EAE0 /* Sources */,
			);
			buildRules = (
			);
			dependencies = (
				E45C753C89796A5F0734DC9F /* PBXTargetDependency */,
			);
			name = SpacesMobileUITests;
			packageProductDependencies = (
			);
			productName = SpacesMobileUITests;
			productReference = 5B16B0331923D686A4D0AEE5 /* SpacesMobileUITests.xctest */;
			productType = "com.apple.product-type.bundle.ui-testing";
		};
		4949E5F0DB06D967871C1581 /* SpacesMobile */ = {
			isa = PBXNativeTarget;
			buildConfigurationList = F08D22918FFEF938C30D1670 /* Build configuration list for PBXNativeTarget "SpacesMobile" */;
			buildPhases = (
				28FC29C423AA4C2F0A49EE5F /* Sources */,
				B5868B03FBB3F8891A03A7E6 /* Resources */,
				5D199486D51945804C6582FF /* Frameworks */,
			);
			buildRules = (
			);
			dependencies = (
			);
			name = SpacesMobile;
			packageProductDependencies = (
				00CDBDF150520E591B1DB017 /* spacesdevicecore */,
				496FCCD383CAF3E9BD137D1B /* spacesterminalcore */,
				822087096353D1C543E2C4F3 /* spacesterminalmobileghostty */,
			);
			productName = SpacesMobile;
			productReference = 2A942269988694E66C1CA6F4 /* SpacesMobile.app */;
			productType = "com.apple.product-type.application";
		};
		A22491DEE0C1C690D99FCFB0 /* SpacesMobileTests */ = {
			isa = PBXNativeTarget;
			buildConfigurationList = 96517D12E198C57740C2A889 /* Build configuration list for PBXNativeTarget "SpacesMobileTests" */;
			buildPhases = (
				D00E6A34212395C2A91512F6 /* Sources */,
				E6954CB73A82D0C98D3D4957 /* Frameworks */,
			);
			buildRules = (
			);
			dependencies = (
				B1502EF3CA22E9855FD6C983 /* PBXTargetDependency */,
			);
			name = SpacesMobileTests;
			packageProductDependencies = (
				43EB21BA2206002F56560C15 /* spacesterminalcore */,
				5C91403688DCC6A2B90B5AC8 /* spacesterminalmobileghostty */,
			);
			productName = SpacesMobileTests;
			productReference = E27B3DF6C14953F91F1A311D /* SpacesMobileTests.xctest */;
			productType = "com.apple.product-type.bundle.unit-test";
		};
/* End PBXNativeTarget section */

/* Begin PBXProject section */
		40FC7BE745B5FC2BE6F64E8A /* Project object */ = {
			isa = PBXProject;
			attributes = {
				BuildIndependentTargetsInParallel = YES;
				LastUpgradeCheck = 1430;
				TargetAttributes = {
					208F5D8D223E754EF66F12E0 = {
						DevelopmentTeam = BEMDA62NB6;
						TestTargetID = 4949E5F0DB06D967871C1581;
					};
					4949E5F0DB06D967871C1581 = {
						DevelopmentTeam = BEMDA62NB6;
					};
					A22491DEE0C1C690D99FCFB0 = {
						DevelopmentTeam = BEMDA62NB6;
					};
				};
			};
			buildConfigurationList = 74BB21C3A542A232791869C7 /* Build configuration list for PBXProject "SpacesMobile" */;
			developmentRegion = en;
			hasScannedForEncodings = 0;
			knownRegions = (
				Base,
				en,
			);
			mainGroup = 81B5CC448F6FA35B26C3E451;
			minimizedProjectReferenceProxies = 1;
			packageReferences = (
				7175F770A7EB90C12AB19C7E /* XCLocalSwiftPackageReference "../macos" */,
			);
			preferredProjectObjectVersion = 77;
			productRefGroup = 80C53D729D7E7F3AB9BBDC82 /* Products */;
			projectDirPath = "";
			projectRoot = "";
			targets = (
				4949E5F0DB06D967871C1581 /* SpacesMobile */,
				A22491DEE0C1C690D99FCFB0 /* SpacesMobileTests */,
				208F5D8D223E754EF66F12E0 /* SpacesMobileUITests */,
			);
		};
/* End PBXProject section */

/* Begin PBXResourcesBuildPhase section */
		B5868B03FBB3F8891A03A7E6 /* Resources */ = {
			isa = PBXResourcesBuildPhase;
			buildActionMask = 2147483647;
			files = (
				07BF7831235AE0F2E2CA97B3 /* Assets.xcassets in Resources */,
				020ABBED293433DB8527ADCD /* DemoRecording in Resources */,
				B75A9EE510496D35C5549ACC /* PrivacyInfo.xcprivacy in Resources */,
				A36481FF653604E873C1A93B /* ghostty in Resources */,
				7CC21253772D51391A1D51CE /* markdown-it.LICENSE in Resources */,
				3D691170263C2A5F76423B40 /* markdown-it.min.js in Resources */,
				C7FDBFF19E88F01DCABE05E6 /* terminal-markdown.css in Resources */,
			);
			runOnlyForDeploymentPostprocessing = 0;
		};
/* End PBXResourcesBuildPhase section */

/* Begin PBXSourcesBuildPhase section */
		28FC29C423AA4C2F0A49EE5F /* Sources */ = {
			isa = PBXSourcesBuildPhase;
			buildActionMask = 2147483647;
			files = (
				7DDB293A89690CBA0099D136 /* AgentGroups.swift in Sources */,
				8D7BDE377CE95CEA15E0F28F /* AgentsTabView.swift in Sources */,
				5E74AE9B5CC2326AD53BA04E /* AlertsTabView.swift in Sources */,
				86DE89DD870097152C07726A /* AppAppearance.swift in Sources */,
				A5AB8C3614BB7444A8FB4C5D /* AttentionEvents.swift in Sources */,
				E1AC38A01996EE501A1F0F05 /* BandPrimitives.swift in Sources */,
				48E9A72866FE6F0C32209A1D /* BrowserProxyHTTPHead.swift in Sources */,
				E90E0BD172C314AB1A2422BB /* BrowserProxyRoutingTable.swift in Sources */,
				4355CACDAE422CEBF60D1B73 /* BrowserProxyServer.swift in Sources */,
				CE84B0FF1DC4CB5EDA866C6A /* BrowserProxySmokeTestView.swift in Sources */,
				5FD4313E441F15B6AFE8A029 /* BrowserProxyTunnel.swift in Sources */,
				97C8F1FB9702650BC7FB37BC /* BrowserSessionDetailView.swift in Sources */,
				390414D7F580B0E237DEA662 /* CompatibilityBannerView.swift in Sources */,
				33641B9B5F7C4A0AE09EEA5D /* ConnectionSettingsView.swift in Sources */,
				C8E96C4D0660016873DBB35F /* DemoDeviceBackend.swift in Sources */,
				80D3ABF883A2086A4640F3B2 /* DemoMode.swift in Sources */,
				D183BA192ECF922B5E5C8ABB /* DemoRecordingLibrary.swift in Sources */,
				176185E3BF08620DB51E8901 /* PaywallView.swift in Sources */,
				788325853D6047915FC13115 /* QRCodeScannerView.swift in Sources */,
				7B0BCDB061E38A6F9CB42501 /* RootTabView.swift in Sources */,
				0E7F176A6DFB6F22E4C67688 /* RowPrimitives.swift in Sources */,
				F4DCDE7C8A94835047353CCE /* ScreenshotMarkupPresenter.swift in Sources */,
				33EFA63AF2EDF1F7567547EB /* ScreenshotStager.swift in Sources */,
				C24148CFBBE2C8AF70320093 /* SettingsTabView.swift in Sources */,
				913DCFD3AD91359729209DC2 /* SpacesDeviceAPIClient.swift in Sources */,
				C911B567E552FC40D15B682E /* SpacesDeviceAPITransport.swift in Sources */,
				317C6199E7E4075EFA52B4F7 /* SpacesMobileApp.swift in Sources */,
				ECD7605414703F81C20D3C1F /* SpacesMobileAppModel.swift in Sources */,
				BF1953C7983E74DEEBABC73C /* SpacesMobileConnectionSettings.swift in Sources */,
				3D417F1537E3550BBDA8FE2D /* SpacesMobileDeviceStore.swift in Sources */,
				DFEA974255F4E847A69176ED /* SpacesTabView.swift in Sources */,
				C86C93B403B5D24C1C907C07 /* StagedScreenshotStore.swift in Sources */,
				030BFF03D2B9BF6C0F540BAB /* SubscriptionGateView.swift in Sources */,
				D678F5742B641547A7EED9CE /* SubscriptionSettingsSection.swift in Sources */,
				AAED3289F85B868C2AA29B44 /* SubscriptionStore.swift in Sources */,
				7CB275F461388D1B1B686182 /* TerminalComposerSheet.swift in Sources */,
				246792578DBC4C17B7038206 /* TerminalDetailView.swift in Sources */,
				B4B0A237C6F8325405C27F93 /* TerminalFlow.swift in Sources */,
				E26222105D277E714368D8C1 /* TerminalImageAttachments.swift in Sources */,
				B476AD376F17B415C12E45F2 /* TerminalMarkdownArtifactView.swift in Sources */,
				43857F33AFBE626C3EF5B3A6 /* TerminalTextArtifactView.swift in Sources */,
				F0B1976C2F5ED584C46E6C79 /* TerminalViewerModel.swift in Sources */,
				CAEFA68B6F87086897B9C88D /* TerminalWebArtifactView.swift in Sources */,
				D26F853567EBC3D143DD54F2 /* Theme.swift in Sources */,
				F1340E71F8BFB1C3BE19D9E1 /* WorkspaceControlBar.swift in Sources */,
			);
			runOnlyForDeploymentPostprocessing = 0;
		};
		D00E6A34212395C2A91512F6 /* Sources */ = {
			isa = PBXSourcesBuildPhase;
			buildActionMask = 2147483647;
			files = (
				D62D7FC7CC07A6CCA4EF6772 /* BrowserProxyTests.swift in Sources */,
				34037882505238F6789EFE22 /* DemoDeviceBackendTests.swift in Sources */,
				4073E59B929A6A3937DC57A8 /* GhosttyMobileAppServiceTests.swift in Sources */,
				8C4445C0E3B95A44BA7EEE21 /* ScreenshotStagingFlowTests.swift in Sources */,
				D9779D2EE653AD02A715A6CE /* SpacesDeviceAPIBackendTests.swift in Sources */,
				A52DB52E99C5021E119AD218 /* SpacesDeviceAPIClientPasteImageTests.swift in Sources */,
				2DF902CA1F62FBFCD1E80B73 /* SpacesMobileAgentsTests.swift in Sources */,
				690D6FC159F64BF7E519C01C /* SpacesMobileAlertsTests.swift in Sources */,
				053C34166110A5C90FCCD9A9 /* SpacesMobileAppModelTests.swift in Sources */,
				DF409C0DEEF5DCBD7552FF95 /* SpacesMobileDemoModeTests.swift in Sources */,
				357ADA9DAA6DB4741C79D102 /* StagedScreenshotStoreTests.swift in Sources */,
				5E0A3983646DC39F85340B5C /* SubscriptionStoreTests.swift in Sources */,
				636C2B8EB59BDDBE8707D1E1 /* TerminalArtifactViewersTests.swift in Sources */,
				C89EA4905FBBFA2C7E358961 /* TerminalComposerSendTests.swift in Sources */,
				9D468643EDDB619AC44A5356 /* TerminalImageAttachmentsTests.swift in Sources */,
			);
			runOnlyForDeploymentPostprocessing = 0;
		};
		F98C80571E50298C7333EAE0 /* Sources */ = {
			isa = PBXSourcesBuildPhase;
			buildActionMask = 2147483647;
			files = (
				04B9B8FE1DF35D0770AA024B /* SpacesMobileScreenshotUITests.swift in Sources */,
				3A856B3C563D5D2DEB3746F0 /* SpacesMobileUITests.swift in Sources */,
			);
			runOnlyForDeploymentPostprocessing = 0;
		};
/* End PBXSourcesBuildPhase section */

/* Begin PBXTargetDependency section */
		B1502EF3CA22E9855FD6C983 /* PBXTargetDependency */ = {
			isa = PBXTargetDependency;
			target = 4949E5F0DB06D967871C1581 /* SpacesMobile */;
			targetProxy = 3FD5F9EECB8244393A627D3D /* PBXContainerItemProxy */;
		};
		E45C753C89796A5F0734DC9F /* PBXTargetDependency */ = {
			isa = PBXTargetDependency;
			target = 4949E5F0DB06D967871C1581 /* SpacesMobile */;
			targetProxy = 94ED4BD14F2CA26295F56C83 /* PBXContainerItemProxy */;
		};
/* End PBXTargetDependency section */

/* Begin XCBuildConfiguration section */
		04AEF474E3DCD45090DBB997 /* Release */ = {
			isa = XCBuildConfiguration;
			buildSettings = {
				BUNDLE_LOADER = "$(TEST_HOST)";
				DEVELOPMENT_TEAM = BEMDA62NB6;
				GENERATE_INFOPLIST_FILE = YES;
				IPHONEOS_DEPLOYMENT_TARGET = 17.0;
				LD_RUNPATH_SEARCH_PATHS = (
					"$(inherited)",
					"@executable_path/Frameworks",
					"@loader_path/Frameworks",
				);
				PRODUCT_BUNDLE_IDENTIFIER = dev.usespaces.spacesmobile.uitests;
				SDKROOT = iphoneos;
				TARGETED_DEVICE_FAMILY = "1,2";
				TEST_TARGET_NAME = SpacesMobile;
			};
			name = Release;
		};
		32CCF7925A66533B41036DDA /* Debug */ = {
			isa = XCBuildConfiguration;
			buildSettings = {
				ALWAYS_SEARCH_USER_PATHS = NO;
				CLANG_ANALYZER_NONNULL = YES;
				CLANG_ANALYZER_NUMBER_OBJECT_CONVERSION = YES_AGGRESSIVE;
				CLANG_CXX_LANGUAGE_STANDARD = "gnu++14";
				CLANG_CXX_LIBRARY = "libc++";
				CLANG_ENABLE_MODULES = YES;
				CLANG_ENABLE_OBJC_ARC = YES;
				CLANG_ENABLE_OBJC_WEAK = YES;
				CLANG_WARN_BLOCK_CAPTURE_AUTORELEASING = YES;
				CLANG_WARN_BOOL_CONVERSION = YES;
				CLANG_WARN_COMMA = YES;
				CLANG_WARN_CONSTANT_CONVERSION = YES;
				CLANG_WARN_DEPRECATED_OBJC_IMPLEMENTATIONS = YES;
				CLANG_WARN_DIRECT_OBJC_ISA_USAGE = YES_ERROR;
				CLANG_WARN_DOCUMENTATION_COMMENTS = YES;
				CLANG_WARN_EMPTY_BODY = YES;
				CLANG_WARN_ENUM_CONVERSION = YES;
				CLANG_WARN_INFINITE_RECURSION = YES;
				CLANG_WARN_INT_CONVERSION = YES;
				CLANG_WARN_NON_LITERAL_NULL_CONVERSION = YES;
				CLANG_WARN_OBJC_IMPLICIT_RETAIN_SELF = YES;
				CLANG_WARN_OBJC_LITERAL_CONVERSION = YES;
				CLANG_WARN_OBJC_ROOT_CLASS = YES_ERROR;
				CLANG_WARN_QUOTED_INCLUDE_IN_FRAMEWORK_HEADER = YES;
				CLANG_WARN_RANGE_LOOP_ANALYSIS = YES;
				CLANG_WARN_STRICT_PROTOTYPES = YES;
				CLANG_WARN_SUSPICIOUS_MOVE = YES;
				CLANG_WARN_UNGUARDED_AVAILABILITY = YES_AGGRESSIVE;
				CLANG_WARN_UNREACHABLE_CODE = YES;
				CLANG_WARN__DUPLICATE_METHOD_MATCH = YES;
				COPY_PHASE_STRIP = NO;
				DEBUG_INFORMATION_FORMAT = dwarf;
				ENABLE_STRICT_OBJC_MSGSEND = YES;
				ENABLE_TESTABILITY = YES;
				GCC_C_LANGUAGE_STANDARD = gnu11;
				GCC_DYNAMIC_NO_PIC = NO;
				GCC_NO_COMMON_BLOCKS = YES;
				GCC_OPTIMIZATION_LEVEL = 0;
				GCC_PREPROCESSOR_DEFINITIONS = (
					"$(inherited)",
					"DEBUG=1",
				);
				GCC_WARN_64_TO_32_BIT_CONVERSION = YES;
				GCC_WARN_ABOUT_RETURN_TYPE = YES_ERROR;
				GCC_WARN_UNDECLARED_SELECTOR = YES;
				GCC_WARN_UNINITIALIZED_AUTOS = YES_AGGRESSIVE;
				GCC_WARN_UNUSED_FUNCTION = YES;
				GCC_WARN_UNUSED_VARIABLE = YES;
				IPHONEOS_DEPLOYMENT_TARGET = 17.0;
				MTL_ENABLE_DEBUG_INFO = INCLUDE_SOURCE;
				MTL_FAST_MATH = YES;
				ONLY_ACTIVE_ARCH = YES;
				PRODUCT_NAME = "$(TARGET_NAME)";
				SDKROOT = iphoneos;
				SWIFT_ACTIVE_COMPILATION_CONDITIONS = DEBUG;
				SWIFT_OPTIMIZATION_LEVEL = "-Onone";
				SWIFT_VERSION = 5.0;
			};
			name = Debug;
		};
		985CD486AA72A37850F6CB23 /* Release */ = {
			isa = XCBuildConfiguration;
			buildSettings = {
				ALWAYS_SEARCH_USER_PATHS = NO;
				CLANG_ANALYZER_NONNULL = YES;
				CLANG_ANALYZER_NUMBER_OBJECT_CONVERSION = YES_AGGRESSIVE;
				CLANG_CXX_LANGUAGE_STANDARD = "gnu++14";
				CLANG_CXX_LIBRARY = "libc++";
				CLANG_ENABLE_MODULES = YES;
				CLANG_ENABLE_OBJC_ARC = YES;
				CLANG_ENABLE_OBJC_WEAK = YES;
				CLANG_WARN_BLOCK_CAPTURE_AUTORELEASING = YES;
				CLANG_WARN_BOOL_CONVERSION = YES;
				CLANG_WARN_COMMA = YES;
				CLANG_WARN_CONSTANT_CONVERSION = YES;
				CLANG_WARN_DEPRECATED_OBJC_IMPLEMENTATIONS = YES;
				CLANG_WARN_DIRECT_OBJC_ISA_USAGE = YES_ERROR;
				CLANG_WARN_DOCUMENTATION_COMMENTS = YES;
				CLANG_WARN_EMPTY_BODY = YES;
				CLANG_WARN_ENUM_CONVERSION = YES;
				CLANG_WARN_INFINITE_RECURSION = YES;
				CLANG_WARN_INT_CONVERSION = YES;
				CLANG_WARN_NON_LITERAL_NULL_CONVERSION = YES;
				CLANG_WARN_OBJC_IMPLICIT_RETAIN_SELF = YES;
				CLANG_WARN_OBJC_LITERAL_CONVERSION = YES;
				CLANG_WARN_OBJC_ROOT_CLASS = YES_ERROR;
				CLANG_WARN_QUOTED_INCLUDE_IN_FRAMEWORK_HEADER = YES;
				CLANG_WARN_RANGE_LOOP_ANALYSIS = YES;
				CLANG_WARN_STRICT_PROTOTYPES = YES;
				CLANG_WARN_SUSPICIOUS_MOVE = YES;
				CLANG_WARN_UNGUARDED_AVAILABILITY = YES_AGGRESSIVE;
				CLANG_WARN_UNREACHABLE_CODE = YES;
				CLANG_WARN__DUPLICATE_METHOD_MATCH = YES;
				COPY_PHASE_STRIP = NO;
				DEBUG_INFORMATION_FORMAT = "dwarf-with-dsym";
				ENABLE_NS_ASSERTIONS = NO;
				ENABLE_STRICT_OBJC_MSGSEND = YES;
				GCC_C_LANGUAGE_STANDARD = gnu11;
				GCC_NO_COMMON_BLOCKS = YES;
				GCC_WARN_64_TO_32_BIT_CONVERSION = YES;
				GCC_WARN_ABOUT_RETURN_TYPE = YES_ERROR;
				GCC_WARN_UNDECLARED_SELECTOR = YES;
				GCC_WARN_UNINITIALIZED_AUTOS = YES_AGGRESSIVE;
				GCC_WARN_UNUSED_FUNCTION = YES;
				GCC_WARN_UNUSED_VARIABLE = YES;
				IPHONEOS_DEPLOYMENT_TARGET = 17.0;
				MTL_ENABLE_DEBUG_INFO = NO;
				MTL_FAST_MATH = YES;
				PRODUCT_NAME = "$(TARGET_NAME)";
				SDKROOT = iphoneos;
				SWIFT_COMPILATION_MODE = wholemodule;
				SWIFT_OPTIMIZATION_LEVEL = "-O";
				SWIFT_VERSION = 5.0;
			};
			name = Release;
		};
		B566607B39A7BA8340EFBABF /* Debug */ = {
			isa = XCBuildConfiguration;
			buildSettings = {
				ASSETCATALOG_COMPILER_APPICON_NAME = AppIcon;
				CODE_SIGN_IDENTITY = "iPhone Developer";
				DEVELOPMENT_ASSET_PATHS = "";
				DEVELOPMENT_TEAM = BEMDA62NB6;
				GENERATE_INFOPLIST_FILE = NO;
				INFOPLIST_FILE = Info.plist;
				IPHONEOS_DEPLOYMENT_TARGET = 17.0;
				LD_RUNPATH_SEARCH_PATHS = (
					"$(inherited)",
					"@executable_path/Frameworks",
				);
				PRODUCT_BUNDLE_IDENTIFIER = dev.usespaces.spacesmobile;
				PRODUCT_NAME = SpacesMobile;
				SDKROOT = iphoneos;
				SWIFT_VERSION = 6.0;
				TARGETED_DEVICE_FAMILY = "1,2";
			};
			name = Debug;
		};
		BB1F731A7976F0F228A3C39C /* Release */ = {
			isa = XCBuildConfiguration;
			buildSettings = {
				ASSETCATALOG_COMPILER_APPICON_NAME = AppIcon;
				CODE_SIGN_IDENTITY = "iPhone Developer";
				DEVELOPMENT_ASSET_PATHS = "";
				DEVELOPMENT_TEAM = BEMDA62NB6;
				GENERATE_INFOPLIST_FILE = NO;
				INFOPLIST_FILE = Info.plist;
				IPHONEOS_DEPLOYMENT_TARGET = 17.0;
				LD_RUNPATH_SEARCH_PATHS = (
					"$(inherited)",
					"@executable_path/Frameworks",
				);
				PRODUCT_BUNDLE_IDENTIFIER = dev.usespaces.spacesmobile;
				PRODUCT_NAME = SpacesMobile;
				SDKROOT = iphoneos;
				SWIFT_VERSION = 6.0;
				TARGETED_DEVICE_FAMILY = "1,2";
			};
			name = Release;
		};
		F07128855F6F753318FD2BC7 /* Release */ = {
			isa = XCBuildConfiguration;
			buildSettings = {
				BUNDLE_LOADER = "$(TEST_HOST)";
				DEVELOPMENT_TEAM = BEMDA62NB6;
				GENERATE_INFOPLIST_FILE = YES;
				IPHONEOS_DEPLOYMENT_TARGET = 17.0;
				LD_RUNPATH_SEARCH_PATHS = (
					"$(inherited)",
					"@executable_path/Frameworks",
					"@loader_path/Frameworks",
				);
				PRODUCT_BUNDLE_IDENTIFIER = dev.usespaces.spacesmobile.tests;
				SDKROOT = iphoneos;
				TARGETED_DEVICE_FAMILY = "1,2";
				TEST_HOST = "$(BUILT_PRODUCTS_DIR)/SpacesMobile.app/SpacesMobile";
			};
			name = Release;
		};
		FC4A32922D4BBBE8C90A5DAE /* Debug */ = {
			isa = XCBuildConfiguration;
			buildSettings = {
				BUNDLE_LOADER = "$(TEST_HOST)";
				DEVELOPMENT_TEAM = BEMDA62NB6;
				GENERATE_INFOPLIST_FILE = YES;
				IPHONEOS_DEPLOYMENT_TARGET = 17.0;
				LD_RUNPATH_SEARCH_PATHS = (
					"$(inherited)",
					"@executable_path/Frameworks",
					"@loader_path/Frameworks",
				);
				PRODUCT_BUNDLE_IDENTIFIER = dev.usespaces.spacesmobile.tests;
				SDKROOT = iphoneos;
				TARGETED_DEVICE_FAMILY = "1,2";
				TEST_HOST = "$(BUILT_PRODUCTS_DIR)/SpacesMobile.app/SpacesMobile";
			};
			name = Debug;
		};
		FD8D832BA71CD4EC5080BAAF /* Debug */ = {
			isa = XCBuildConfiguration;
			buildSettings = {
				BUNDLE_LOADER = "$(TEST_HOST)";
				DEVELOPMENT_TEAM = BEMDA62NB6;
				GENERATE_INFOPLIST_FILE = YES;
				IPHONEOS_DEPLOYMENT_TARGET = 17.0;
				LD_RUNPATH_SEARCH_PATHS = (
					"$(inherited)",
					"@executable_path/Frameworks",
					"@loader_path/Frameworks",
				);
				PRODUCT_BUNDLE_IDENTIFIER = dev.usespaces.spacesmobile.uitests;
				SDKROOT = iphoneos;
				TARGETED_DEVICE_FAMILY = "1,2";
				TEST_TARGET_NAME = SpacesMobile;
			};
			name = Debug;
		};
/* End XCBuildConfiguration section */

/* Begin XCConfigurationList section */
		74BB21C3A542A232791869C7 /* Build configuration list for PBXProject "SpacesMobile" */ = {
			isa = XCConfigurationList;
			buildConfigurations = (
				32CCF7925A66533B41036DDA /* Debug */,
				985CD486AA72A37850F6CB23 /* Release */,
			);
			defaultConfigurationIsVisible = 0;
			defaultConfigurationName = Debug;
		};
		8AE2A712028AC613F5CB8728 /* Build configuration list for PBXNativeTarget "SpacesMobileUITests" */ = {
			isa = XCConfigurationList;
			buildConfigurations = (
				FD8D832BA71CD4EC5080BAAF /* Debug */,
				04AEF474E3DCD45090DBB997 /* Release */,
			);
			defaultConfigurationIsVisible = 0;
			defaultConfigurationName = Debug;
		};
		96517D12E198C57740C2A889 /* Build configuration list for PBXNativeTarget "SpacesMobileTests" */ = {
			isa = XCConfigurationList;
			buildConfigurations = (
				FC4A32922D4BBBE8C90A5DAE /* Debug */,
				F07128855F6F753318FD2BC7 /* Release */,
			);
			defaultConfigurationIsVisible = 0;
			defaultConfigurationName = Debug;
		};
		F08D22918FFEF938C30D1670 /* Build configuration list for PBXNativeTarget "SpacesMobile" */ = {
			isa = XCConfigurationList;
			buildConfigurations = (
				B566607B39A7BA8340EFBABF /* Debug */,
				BB1F731A7976F0F228A3C39C /* Release */,
			);
			defaultConfigurationIsVisible = 0;
			defaultConfigurationName = Debug;
		};
/* End XCConfigurationList section */

/* Begin XCLocalSwiftPackageReference section */
		7175F770A7EB90C12AB19C7E /* XCLocalSwiftPackageReference "../macos" */ = {
			isa = XCLocalSwiftPackageReference;
			relativePath = ../macos;
		};
/* End XCLocalSwiftPackageReference section */

/* Begin XCSwiftPackageProductDependency section */
		00CDBDF150520E591B1DB017 /* spacesdevicecore */ = {
			isa = XCSwiftPackageProductDependency;
			productName = spacesdevicecore;
		};
		43EB21BA2206002F56560C15 /* spacesterminalcore */ = {
			isa = XCSwiftPackageProductDependency;
			productName = spacesterminalcore;
		};
		496FCCD383CAF3E9BD137D1B /* spacesterminalcore */ = {
			isa = XCSwiftPackageProductDependency;
			productName = spacesterminalcore;
		};
		5C91403688DCC6A2B90B5AC8 /* spacesterminalmobileghostty */ = {
			isa = XCSwiftPackageProductDependency;
			productName = spacesterminalmobileghostty;
		};
		822087096353D1C543E2C4F3 /* spacesterminalmobileghostty */ = {
			isa = XCSwiftPackageProductDependency;
			productName = spacesterminalmobileghostty;
		};
/* End XCSwiftPackageProductDependency section */
	};
	rootObject = 40FC7BE745B5FC2BE6F64E8A /* Project object */;
}
